// !$*UTF8*$!
{
	archiveVersion = 1;
	classes = {
	};
	objectVersion = 50;
	objects = {

/* Begin PBXBuildFile section */
		96748B1D258A2D280004CBA0 /* AppDelegate.swift in Sources */ = {isa = PBXBuildFile; fileRef = 96748B1C258A2D280004CBA0 /* AppDelegate.swift */; };
		96748B1F258A2D280004CBA0 /* SceneDelegate.swift in Sources */ = {isa = PBXBuildFile; fileRef = 96748B1E258A2D280004CBA0 /* SceneDelegate.swift */; };
		96748B21258A2D280004CBA0 /* ViewController.swift in Sources */ = {isa = PBXBuildFile; fileRef = 96748B20258A2D280004CBA0 /* ViewController.swift */; };
		96748B24258A2D280004CBA0 /* Main.storyboard in Resources */ = {isa = PBXBuildFile; fileRef = 96748B22258A2D280004CBA0 /* Main.storyboard */; };
		96748B26258A2D2A0004CBA0 /* Assets.xcassets in Resources */ = {isa = PBXBuildFile; fileRef = 96748B25258A2D2A0004CBA0 /* Assets.xcassets */; };
		96748B29258A2D2A0004CBA0 /* LaunchScreen.storyboard in Resources */ = {isa = PBXBuildFile; fileRef = 96748B27258A2D2A0004CBA0 /* LaunchScreen.storyboard */; };
		96748B34258A2D2A0004CBA0 /* TestPracticeTests.swift in Sources */ = {isa = PBXBuildFile; fileRef = 96748B33258A2D2A0004CBA0 /* TestPracticeTests.swift */; };
		96748B3F258A2D2A0004CBA0 /* TestPracticeUITests.swift in Sources */ = {isa = PBXBuildFile; fileRef = 96748B3E258A2D2A0004CBA0 /* TestPracticeUITests.swift */; };
		96748B50258A2EA40004CBA0 /* MathStuff.swift in Sources */ = {isa = PBXBuildFile; fileRef = 96748B4F258A2EA40004CBA0 /* MathStuff.swift */; };
/* End PBXBuildFile section */

/* Begin PBXContainerItemProxy section */
		96748B30258A2D2A0004CBA0 /* PBXContainerItemProxy */ = {
			isa = PBXContainerItemProxy;
			containerPortal = 96748B11258A2D280004CBA0 /* Project object */;
			proxyType = 1;
			remoteGlobalIDString = 96748B18258A2D280004CBA0;
			remoteInfo = TestPractice;
		};
		96748B3B258A2D2A0004CBA0 /* PBXContainerItemProxy */ = {
			isa = PBXContainerItemProxy;
			containerPortal = 96748B11258A2D280004CBA0 /* Project object */;
			proxyType = 1;
			remoteGlobalIDString = 96748B18258A2D280004CBA0;
			remoteInfo = TestPractice;
		};
/* End PBXContainerItemProxy section */

/* Begin PBXFileReference section */
		96748B19258A2D280004CBA0 /* TestPractice.app */ = {isa = PBXFileReference; explicitFileType = wrapper.application; includeInIndex = 0; path = TestPractice.app; sourceTree = BUILT_PRODUCTS_DIR; };
		96748B1C258A2D280004CBA0 /* AppDelegate.swift */ = {isa = PBXFileReference; lastKnownFileType = sourcecode.swift; path = AppDelegate.swift; sourceTree = "<group>"; };
		96748B1E258A2D280004CBA0 /* SceneDelegate.swift */ = {isa = PBXFileReference; lastKnownFileType = sourcecode.swift; path = SceneDelegate.swift; sourceTree = "<group>"; };
		96748B20258A2D280004CBA0 /* ViewController.swift */ = {isa = PBXFileReference; lastKnownFileType = sourcecode.swift; path = ViewController.swift; sourceTree = "<group>"; };
		96748B23258A2D280004CBA0 /* Base */ = {isa = PBXFileReference; lastKnownFileType = file.storyboard; name = Base; path = Base.lproj/Main.storyboard; sourceTree = "<group>"; };
		96748B25258A2D2A0004CBA0 /* Assets.xcassets */ = {isa = PBXFileReference; lastKnownFileType = folder.assetcatalog; path = Assets.xcassets; sourceTree = "<group>"; };
		96748B28258A2D2A0004CBA0 /* Base */ = {isa = PBXFileReference; lastKnownFileType = file.storyboard; name = Base; path = Base.lproj/LaunchScreen.storyboard; sourceTree = "<group>"; };
		96748B2A258A2D2A0004CBA0 /* Info.plist */ = {isa = PBXFileReference; lastKnownFileType = text.plist.xml; path = Info.plist; sourceTree = "<group>"; };
		96748B2F258A2D2A0004CBA0 /* TestPracticeTests.xctest */ = {isa = PBXFileReference; explicitFileType = wrapper.cfbundle; includeInIndex = 0; path = TestPracticeTests.xctest; sourceTree = BUILT_PRODUCTS_DIR; };
		96748B33258A2D2A0004CBA0 /* TestPracticeTests.swift */ = {isa = PBXFileReference; lastKnownFileType = sourcecode.swift; path = TestPracticeTests.swift; sourceTree = "<group>"; };
		96748B35258A2D2A0004CBA0 /* Info.plist */ = {isa = PBXFileReference; lastKnownFileType = text.plist.xml; path = Info.plist; sourceTree = "<group>"; };
		96748B3A258A2D2A0004CBA0 /* TestPracticeUITests.xctest */ = {isa = PBXFileReference; explicitFileType = wrapper.cfbundle; includeInIndex = 0; path = TestPracticeUITests.xctest; sourceTree = BUILT_PRODUCTS_DIR; };
		96748B3E258A2D2A0004CBA0 /* TestPracticeUITests.swift */ = {isa = PBXFileReference; lastKnownFileType = sourcecode.swift; path = TestPracticeUITests.swift; sourceTree = "<group>"; };
		96748B40258A2D2A0004CBA0 /* Info.plist */ = {isa = PBXFileReference; lastKnownFileType = text.plist.xml; path = Info.plist; sourceTree = "<group>"; };
		96748B4F258A2EA40004CBA0 /* MathStuff.swift */ = {isa = PBXFileReference; lastKnownFileType = sourcecode.swift; path = MathStuff.swift; sourceTree = "<group>"; };
/* End PBXFileReference section */

/* Begin PBXFrameworksBuildPhase section */
		96748B16258A2D280004CBA0 /* Frameworks */ = {
			isa = PBXFrameworksBuildPhase;
			buildActionMask = 2147483647;
			files = (
			);
			runOnlyForDeploymentPostprocessing = 0;
		};
		96748B2C258A2D2A0004CBA0 /* Frameworks */ = {
			isa = PBXFrameworksBuildPhase;
			buildActionMask = 2147483647;
			files = (
			);
			runOnlyForDeploymentPostprocessing = 0;
		};
		96748B37258A2D2A0004CBA0 /* Frameworks */ = {
			isa = PBXFrameworksBuildPhase;
			buildActionMask = 2147483647;
			files = (
			);
			runOnlyForDeploymentPostprocessing = 0;
		};
/* End PBXFrameworksBuildPhase section */

/* Begin PBXGroup section */
		96748B10258A2D280004CBA0 = {
			isa = PBXGroup;
			children = (
				96748B1B258A2D280004CBA0 /* TestPractice */,
				96748B32258A2D2A0004CBA0 /* TestPracticeTests */,
				96748B3D258A2D2A0004CBA0 /* TestPracticeUITests */,
				96748B1A258A2D280004CBA0 /* Products */,
			);
			sourceTree = "<group>";
		};
		96748B1A258A2D280004CBA0 /* Products */ = {
			isa = PBXGroup;
			children = (
				96748B19258A2D280004CBA0 /* TestPractice.app */,
				96748B2F258A2D2A0004CBA0 /* TestPracticeTests.xctest */,
				96748B3A258A2D2A0004CBA0 /* TestPracticeUITests.xctest */,
			);
			name = Products;
			sourceTree = "<group>";
		};
		96748B1B258A2D280004CBA0 /* TestPractice */ = {
			isa = PBXGroup;
			children = (
				96748B1C258A2D280004CBA0 /* AppDelegate.swift */,
				96748B1E258A2D280004CBA0 /* SceneDelegate.swift */,
				96748B20258A2D280004CBA0 /* ViewController.swift */,
				96748B22258A2D280004CBA0 /* Main.storyboard */,
				96748B25258A2D2A0004CBA0 /* Assets.xcassets */,
				96748B27258A2D2A0004CBA0 /* LaunchScreen.storyboard */,
				96748B2A258A2D2A0004CBA0 /* Info.plist */,
				96748B4F258A2EA40004CBA0 /* MathStuff.swift */,
			);
			path = TestPractice;
			sourceTree = "<group>";
		};
		96748B32258A2D2A0004CBA0 /* TestPracticeTests */ = {
			isa = PBXGroup;
			children = (
				96748B33258A2D2A0004CBA0 /* TestPracticeTests.swift */,
				96748B35258A2D2A0004CBA0 /* Info.plist */,
			);
			path = TestPracticeTests;
			sourceTree = "<group>";
		};
		96748B3D258A2D2A0004CBA0 /* TestPracticeUITests */ = {
			isa = PBXGroup;
			children = (
				96748B3E258A2D2A0004CBA0 /* TestPracticeUITests.swift */,
				96748B40258A2D2A0004CBA0 /* Info.plist */,
			);
			path = TestPracticeUITests;
			sourceTree = "<group>";
		};
/* End PBXGroup section */

/* Begin PBXNativeTarget section */
		96748B18258A2D280004CBA0 /* TestPractice */ = {
			isa = PBXNativeTarget;
			buildConfigurationList = 96748B43258A2D2A0004CBA0 /* Build configuration list for PBXNativeTarget "TestPractice" */;
			buildPhases = (
				96748B15258A2D280004CBA0 /* Sources */,
				96748B16258A2D280004CBA0 /* Frameworks */,
				96748B17258A2D280004CBA0 /* Resources */,
			);
			buildRules = (
			);
			dependencies = (
			);
			name = TestPractice;
			productName = TestPractice;
			productReference = 96748B19258A2D280004CBA0 /* TestPractice.app */;
			productType = "com.apple.product-type.application";
		};
		96748B2E258A2D2A0004CBA0 /* TestPracticeTests */ = {
			isa = PBXNativeTarget;
			buildConfigurationList = 96748B46258A2D2A0004CBA0 /* Build configuration list for PBXNativeTarget "TestPracticeTests" */;
			buildPhases = (
				96748B2B258A2D2A0004CBA0 /* Sources */,
				96748B2C258A2D2A0004CBA0 /* Frameworks */,
				96748B2D258A2D2A0004CBA0 /* Resources */,
			);
			buildRules = (
			);
			dependencies = (
				96748B31258A2D2A0004CBA0 /* PBXTargetDependency */,
			);
			name = TestPracticeTests;
			productName = TestPracticeTests;
			productReference = 96748B2F258A2D2A0004CBA0 /* TestPracticeTests.xctest */;
			productType = "com.apple.product-type.bundle.unit-test";
		};
		96748B39258A2D2A0004CBA0 /* TestPracticeUITests */ = {
			isa = PBXNativeTarget;
			buildConfigurationList = 96748B49258A2D2A0004CBA0 /* Build configuration list for PBXNativeTarget "TestPracticeUITests" */;
			buildPhases = (
				96748B36258A2D2A0004CBA0 /* Sources */,
				96748B37258A2D2A0004CBA0 /* Frameworks */,
				96748B38258A2D2A0004CBA0 /* Resources */,
			);
			buildRules = (
			);
			dependencies = (
				96748B3C258A2D2A0004CBA0 /* PBXTargetDependency */,
			);
			name = TestPracticeUITests;
			productName = TestPracticeUITests;
			productReference = 96748B3A258A2D2A0004CBA0 /* TestPracticeUITests.xctest */;
			productType = "com.apple.product-type.bundle.ui-testing";
		};
/* End PBXNativeTarget section */

/* Begin PBXProject section */
		96748B11258A2D280004CBA0 /* Project object */ = {
			isa = PBXProject;
			attributes = {
				LastSwiftUpdateCheck = 1230;
				LastUpgradeCheck = 1230;
				TargetAttributes = {
					96748B18258A2D280004CBA0 = {
						CreatedOnToolsVersion = 12.3;
					};
					96748B2E258A2D2A0004CBA0 = {
						CreatedOnToolsVersion = 12.3;
						TestTargetID = 96748B18258A2D280004CBA0;
					};
					96748B39258A2D2A0004CBA0 = {
						CreatedOnToolsVersion = 12.3;
						TestTargetID = 96748B18258A2D280004CBA0;
					};
				};
			};
			buildConfigurationList = 96748B14258A2D280004CBA0 /* Build configuration list for PBXProject "TestPractice" */;
			compatibilityVersion = "Xcode 9.3";
			developmentRegion = en;
			hasScannedForEncodings = 0;
			knownRegions = (
				en,
				Base,
			);
			mainGroup = 96748B10258A2D280004CBA0;
			productRefGroup = 96748B1A258A2D280004CBA0 /* Products */;
			projectDirPath = "";
			projectRoot = "";
			targets = (
				96748B18258A2D280004CBA0 /* TestPractice */,
				96748B2E258A2D2A0004CBA0 /* TestPracticeTests */,
				96748B39258A2D2A0004CBA0 /* TestPracticeUITests */,
			);
		};
/* End PBXProject section */

/* Begin PBXResourcesBuildPhase section */
		96748B17258A2D280004CBA0 /* Resources */ = {
			isa = PBXResourcesBuildPhase;
			buildActionMask = 2147483647;
			files = (
				96748B29258A2D2A0004CBA0 /* LaunchScreen.storyboard in Resources */,
				96748B26258A2D2A0004CBA0 /* Assets.xcassets in Resources */,
				96748B24258A2D280004CBA0 /* Main.storyboard in Resources */,
			);
			runOnlyForDeploymentPostprocessing = 0;
		};
		96748B2D258A2D2A0004CBA0 /* Resources */ = {
			isa = PBXResourcesBuildPhase;
			buildActionMask = 2147483647;
			files = (
			);
			runOnlyForDeploymentPostprocessing = 0;
		};
		96748B38258A2D2A0004CBA0 /* Resources */ = {
			isa = PBXResourcesBuildPhase;
			buildActionMask = 2147483647;
			files = (
			);
			runOnlyForDeploymentPostprocessing = 0;
		};
/* End PBXResourcesBuildPhase section */

/* Begin PBXSourcesBuildPhase section */
		96748B15258A2D280004CBA0 /* Sources */ = {
			isa = PBXSourcesBuildPhase;
			buildActionMask = 2147483647;
			files = (
				96748B50258A2EA40004CBA0 /* MathStuff.swift in Sources */,
				96748B21258A2D280004CBA0 /* ViewController.swift in Sources */,
				96748B1D258A2D280004CBA0 /* AppDelegate.swift in Sources */,
				96748B1F258A2D280004CBA0 /* SceneDelegate.swift in Sources */,
			);
			runOnlyForDeploymentPostprocessing = 0;
		};
		96748B2B258A2D2A0004CBA0 /* Sources */ = {
			isa = PBXSourcesBuildPhase;
			buildActionMask = 2147483647;
			files = (
				96748B34258A2D2A0004CBA0 /* TestPracticeTests.swift in Sources */,
			);
			runOnlyForDeploymentPostprocessing = 0;
		};
		96748B36258A2D2A0004CBA0 /* Sources */ = {
			isa = PBXSourcesBuildPhase;
			buildActionMask = 2147483647;
			files = (
				96748B3F258A2D2A0004CBA0 /* TestPracticeUITests.swift in Sources */,
			);
			runOnlyForDeploymentPostprocessing = 0;
		};
/* End PBXSourcesBuildPhase section */

/* Begin PBXTargetDependency section */
		96748B31258A2D2A0004CBA0 /* PBXTargetDependency */ = {
			isa = PBXTargetDependency;
			target = 96748B18258A2D280004CBA0 /* TestPractice */;
			targetProxy = 96748B30258A2D2A0004CBA0 /* PBXContainerItemProxy */;
		};
		96748B3C258A2D2A0004CBA0 /* PBXTargetDependency */ = {
			isa = PBXTargetDependency;
			target = 96748B18258A2D280004CBA0 /* TestPractice */;
			targetProxy = 96748B3B258A2D2A0004CBA0 /* PBXContainerItemProxy */;
		};
/* End PBXTargetDependency section */

/* Begin PBXVariantGroup section */
		96748B22258A2D280004CBA0 /* Main.storyboard */ = {
			isa = PBXVariantGroup;
			children = (
				96748B23258A2D280004CBA0 /* Base */,
			);
			name = Main.storyboard;
			sourceTree = "<group>";
		};
		96748B27258A2D2A0004CBA0 /* LaunchScreen.storyboard */ = {
			isa = PBXVariantGroup;
			children = (
				96748B28258A2D2A0004CBA0 /* Base */,
			);
			name = LaunchScreen.storyboard;
			sourceTree = "<group>";
		};
/* End PBXVariantGroup section */

/* Begin XCBuildConfiguration section */
		96748B41258A2D2A0004CBA0 /* Debug */ = {
			isa = XCBuildConfiguration;
			buildSettings = {
				ALWAYS_SEARCH_USER_PATHS = NO;
				CLANG_ANALYZER_NONNULL = YES;
				CLANG_ANALYZER_NUMBER_OBJECT_CONVERSION = YES_AGGRESSIVE;
				CLANG_CXX_LANGUAGE_STANDARD = "gnu++14";
				CLANG_CXX_LIBRARY = "libc++";
				CLANG_ENABLE_MODULES = YES;
				CLANG_ENABLE_OBJC_ARC = YES;
				CLANG_ENABLE_OBJC_WEAK = YES;
				CLANG_WARN_BLOCK_CAPTURE_AUTORELEASING = YES;
				CLANG_WARN_BOOL_CONVERSION = YES;
				CLANG_WARN_COMMA = YES;
				CLANG_WARN_CONSTANT_CONVERSION = YES;
				CLANG_WARN_DEPRECATED_OBJC_IMPLEMENTATIONS = YES;
				CLANG_WARN_DIRECT_OBJC_ISA_USAGE = YES_ERROR;
				CLANG_WARN_DOCUMENTATION_COMMENTS = YES;
				CLANG_WARN_EMPTY_BODY = YES;
				CLANG_WARN_ENUM_CONVERSION = YES;
				CLANG_WARN_INFINITE_RECURSION = YES;
				CLANG_WARN_INT_CONVERSION = YES;
				CLANG_WARN_NON_LITERAL_NULL_CONVERSION = YES;
				CLANG_WARN_OBJC_IMPLICIT_RETAIN_SELF = YES;
				CLANG_WARN_OBJC_LITERAL_CONVERSION = YES;
				CLANG_WARN_OBJC_ROOT_CLASS = YES_ERROR;
				CLANG_WARN_QUOTED_INCLUDE_IN_FRAMEWORK_HEADER = YES;
				CLANG_WARN_RANGE_LOOP_ANALYSIS = YES;
				CLANG_WARN_STRICT_PROTOTYPES = YES;
				CLANG_WARN_SUSPICIOUS_MOVE = YES;
				CLANG_WARN_UNGUARDED_AVAILABILITY = YES_AGGRESSIVE;
				CLANG_WARN_UNREACHABLE_CODE = YES;
				CLANG_WARN__DUPLICATE_METHOD_MATCH = YES;
				COPY_PHASE_STRIP = NO;
				DEBUG_INFORMATION_FORMAT = dwarf;
				ENABLE_STRICT_OBJC_MSGSEND = YES;
				ENABLE_TESTABILITY = YES;
				GCC_C_LANGUAGE_STANDARD = gnu11;
				GCC_DYNAMIC_NO_PIC = NO;
				GCC_NO_COMMON_BLOCKS = YES;
				GCC_OPTIMIZATION_LEVEL = 0;
				GCC_PREPROCESSOR_DEFINITIONS = (
					"DEBUG=1",
					"$(inherited)",
				);
				GCC_WARN_64_TO_32_BIT_CONVERSION = YES;
				GCC_WARN_ABOUT_RETURN_TYPE = YES_ERROR;
				GCC_WARN_UNDECLARED_SELECTOR = YES;
				GCC_WARN_UNINITIALIZED_AUTOS = YES_AGGRESSIVE;
				GCC_WARN_UNUSED_FUNCTION = YES;
				GCC_WARN_UNUSED_VARIABLE = YES;
				IPHONEOS_DEPLOYMENT_TARGET = 14.3;
				MTL_ENABLE_DEBUG_INFO = INCLUDE_SOURCE;
				MTL_FAST_MATH = YES;
				ONLY_ACTIVE_ARCH = YES;
				SDKROOT = iphoneos;
				SWIFT_ACTIVE_COMPILATION_CONDITIONS = DEBUG;
				SWIFT_OPTIMIZATION_LEVEL = "-Onone";
			};
			name = Debug;
		};
		96748B42258A2D2A0004CBA0 /* Release */ = {
			isa = XCBuildConfiguration;
			buildSettings = {
				ALWAYS_SEARCH_USER_PATHS = NO;
				CLANG_ANALYZER_NONNULL = YES;
				CLANG_ANALYZER_NUMBER_OBJECT_CONVERSION = YES_AGGRESSIVE;
				CLANG_CXX_LANGUAGE_STANDARD = "gnu++14";
				CLANG_CXX_LIBRARY = "libc++";
				CLANG_ENABLE_MODULES = YES;
				CLANG_ENABLE_OBJC_ARC = YES;
				CLANG_ENABLE_OBJC_WEAK = YES;
				CLANG_WARN_BLOCK_CAPTURE_AUTORELEASING = YES;
				CLANG_WARN_BOOL_CONVERSION = YES;
				CLANG_WARN_COMMA = YES;
				CLANG_WARN_CONSTANT_CONVERSION = YES;
				CLANG_WARN_DEPRECATED_OBJC_IMPLEMENTATIONS = YES;
				CLANG_WARN_DIRECT_OBJC_ISA_USAGE = YES_ERROR;
				CLANG_WARN_DOCUMENTATION_COMMENTS = YES;
				CLANG_WARN_EMPTY_BODY = YES;
				CLANG_WARN_ENUM_CONVERSION = YES;
				CLANG_WARN_INFINITE_RECURSION = YES;
				CLANG_WARN_INT_CONVERSION = YES;
				CLANG_WARN_NON_LITERAL_NULL_CONVERSION = YES;
				CLANG_WARN_OBJC_IMPLICIT_RETAIN_SELF = YES;
				CLANG_WARN_OBJC_LITERAL_CONVERSION = YES;
				CLANG_WARN_OBJC_ROOT_CLASS = YES_ERROR;
				CLANG_WARN_QUOTED_INCLUDE_IN_FRAMEWORK_HEADER = YES;
				CLANG_WARN_RANGE_LOOP_ANALYSIS = YES;
				CLANG_WARN_STRICT_PROTOTYPES = YES;
				CLANG_WARN_SUSPICIOUS_MOVE = YES;
				CLANG_WARN_UNGUARDED_AVAILABILITY = YES_AGGRESSIVE;
				CLANG_WARN_UNREACHABLE_CODE = YES;
				CLANG_WARN__DUPLICATE_METHOD_MATCH = YES;
				COPY_PHASE_STRIP = NO;
				DEBUG_INFORMATION_FORMAT = "dwarf-with-dsym";
				ENABLE_NS_ASSERTIONS = NO;
				ENABLE_STRICT_OBJC_MSGSEND = YES;
				GCC_C_LANGUAGE_STANDARD = gnu11;
				GCC_NO_COMMON_BLOCKS = YES;
				GCC_WARN_64_TO_32_BIT_CONVERSION = YES;
				GCC_WARN_ABOUT_RETURN_TYPE = YES_ERROR;
				GCC_WARN_UNDECLARED_SELECTOR = YES;
				GCC_WARN_UNINITIALIZED_AUTOS = YES_AGGRESSIVE;
				GCC_WARN_UNUSED_FUNCTION = YES;
				GCC_WARN_UNUSED_VARIABLE = YES;
				IPHONEOS_DEPLOYMENT_TARGET = 14.3;
				MTL_ENABLE_DEBUG_INFO = NO;
				MTL_FAST_MATH = YES;
				SDKROOT = iphoneos;
				SWIFT_COMPILATION_MODE = wholemodule;
				SWIFT_OPTIMIZATION_LEVEL = "-O";
				VALIDATE_PRODUCT = YES;
			};
			name = Release;
		};
		96748B44258A2D2A0004CBA0 /* Debug */ = {
			isa = XCBuildConfiguration;
			buildSettings = {
				ASSETCATALOG_COMPILER_APPICON_NAME = AppIcon;
				ASSETCATALOG_COMPILER_GLOBAL_ACCENT_COLOR_NAME = AccentColor;
				CODE_SIGN_STYLE = Automatic;
				DEVELOPMENT_TEAM = 3CY8UX9N2S;
				INFOPLIST_FILE = TestPractice/Info.plist;
				LD_RUNPATH_SEARCH_PATHS = (
					"$(inherited)",
					"@executable_path/Frameworks",
				);
				PRODUCT_BUNDLE_IDENTIFIER = YEHEO.TestPractice;
				PRODUCT_NAME = "$(TARGET_NAME)";
				SWIFT_VERSION = 5.0;
				TARGETED_DEVICE_FAMILY = "1,2";
			};
			name = Debug;
		};
		96748B45258A2D2A0004CBA0 /* Release */ = {
			isa = XCBuildConfiguration;
			buildSettings = {
				ASSETCATALOG_COMPILER_APPICON_NAME = AppIcon;
				ASSETCATALOG_COMPILER_GLOBAL_ACCENT_COLOR_NAME = AccentColor;
				CODE_SIGN_STYLE = Automatic;
				DEVELOPMENT_TEAM = 3CY8UX9N2S;
				INFOPLIST_FILE = TestPractice/Info.plist;
				LD_RUNPATH_SEARCH_PATHS = (
					"$(inherited)",
					"@executable_path/Frameworks",
				);
				PRODUCT_BUNDLE_IDENTIFIER = YEHEO.TestPractice;
				PRODUCT_NAME = "$(TARGET_NAME)";
				SWIFT_VERSION = 5.0;
				TARGETED_DEVICE_FAMILY = "1,2";
			};
			name = Release;
		};
		96748B47258A2D2A0004CBA0 /* Debug */ = {
			isa = XCBuildConfiguration;
			buildSettings = {
				ALWAYS_EMBED_SWIFT_STANDARD_LIBRARIES = YES;
				BUNDLE_LOADER = "$(TEST_HOST)";
				CODE_SIGN_STYLE = Automatic;
				DEVELOPMENT_TEAM = 3CY8UX9N2S;
				INFOPLIST_FILE = TestPracticeTests/Info.plist;
				IPHONEOS_DEPLOYMENT_TARGET = 14.3;
				LD_RUNPATH_SEARCH_PATHS = (
					"$(inherited)",
					"@executable_path/Frameworks",
					"@loader_path/Frameworks",
				);
				PRODUCT_BUNDLE_IDENTIFIER = YEHEO.TestPracticeTests;
				PRODUCT_NAME = "$(TARGET_NAME)";
				SWIFT_VERSION = 5.0;
				TARGETED_DEVICE_FAMILY = "1,2";
				TEST_HOST = "$(BUILT_PRODUCTS_DIR)/TestPractice.app/TestPractice";
			};
			name = Debug;
		};
		96748B48258A2D2A0004CBA0 /* Release */ = {
			isa = XCBuildConfiguration;
			buildSettings = {
				ALWAYS_EMBED_SWIFT_STANDARD_LIBRARIES = YES;
				BUNDLE_LOADER = "$(TEST_HOST)";
				CODE_SIGN_STYLE = Automatic;
				DEVELOPMENT_TEAM = 3CY8UX9N2S;
				INFOPLIST_FILE = TestPracticeTests/Info.plist;
				IPHONEOS_DEPLOYMENT_TARGET = 14.3;
				LD_RUNPATH_SEARCH_PATHS = (
					"$(inherited)",
					"@executable_path/Frameworks",
					"@loader_path/Frameworks",
				);
				PRODUCT_BUNDLE_IDENTIFIER = YEHEO.TestPracticeTests;
				PRODUCT_NAME = "$(TARGET_NAME)";
				SWIFT_VERSION = 5.0;
				TARGETED_DEVICE_FAMILY = "1,2";
				TEST_HOST = "$(BUILT_PRODUCTS_DIR)/TestPractice.app/TestPractice";
			};
			name = Release;
		};
		96748B4A258A2D2A0004CBA0 /* Debug */ = {
			isa = XCBuildConfiguration;
			buildSettings = {
				ALWAYS_EMBED_SWIFT_STANDARD_LIBRARIES = YES;
				CODE_SIGN_STYLE = Automatic;
				DEVELOPMENT_TEAM = 3CY8UX9N2S;
				INFOPLIST_FILE = TestPracticeUITests/Info.plist;
				LD_RUNPATH_SEARCH_PATHS = (
					"$(inherited)",
					"@executable_path/Frameworks",
					"@loader_path/Frameworks",
				);
				PRODUCT_BUNDLE_IDENTIFIER = YEHEO.TestPracticeUITests;
				PRODUCT_NAME = "$(TARGET_NAME)";
				SWIFT_VERSION = 5.0;
				TARGETED_DEVICE_FAMILY = "1,2";
				TEST_TARGET_NAME = TestPractice;
			};
			name = Debug;
		};
		96748B4B258A2D2A0004CBA0 /* Release */ = {
			isa = XCBuildConfiguration;
			buildSettings = {
				ALWAYS_EMBED_SWIFT_STANDARD_LIBRARIES = YES;
				CODE_SIGN_STYLE = Automatic;
				DEVELOPMENT_TEAM = 3CY8UX9N2S;
				INFOPLIST_FILE = TestPracticeUITests/Info.plist;
				LD_RUNPATH_SEARCH_PATHS = (
					"$(inherited)",
					"@executable_path/Frameworks",
					"@loader_path/Frameworks",
				);
				PRODUCT_BUNDLE_IDENTIFIER = YEHEO.TestPracticeUITests;
				PRODUCT_NAME = "$(TARGET_NAME)";
				SWIFT_VERSION = 5.0;
				TARGETED_DEVICE_FAMILY = "1,2";
				TEST_TARGET_NAME = TestPractice;
			};
			name = Release;
		};
/* End XCBuildConfiguration section */

/* Begin XCConfigurationList section */
		96748B14258A2D280004CBA0 /* Build configuration list for PBXProject "TestPractice" */ = {
			isa = XCConfigurationList;
			buildConfigurations = (
				96748B41258A2D2A0004CBA0 /* Debug */,
				96748B42258A2D2A0004CBA0 /* Release */,
			);
			defaultConfigurationIsVisible = 0;
			defaultConfigurationName = Release;
		};
		96748B43258A2D2A0004CBA0 /* Build configuration list for PBXNativeTarget "TestPractice" */ = {
			isa = XCConfigurationList;
			buildConfigurations = (
				96748B44258A2D2A0004CBA0 /* Debug */,
				96748B45258A2D2A0004CBA0 /* Release */,
			);
			defaultConfigurationIsVisible = 0;
			defaultConfigurationName = Release;
		};
		96748B46258A2D2A0004CBA0 /* Build configuration list for PBXNativeTarget "TestPracticeTests" */ = {
			isa = XCConfigurationList;
			buildConfigurations = (
				96748B47258A2D2A0004CBA0 /* Debug */,
				96748B48258A2D2A0004CBA0 /* Release */,
			);
			defaultConfigurationIsVisible = 0;
			defaultConfigurationName = Release;
		};
		96748B49258A2D2A0004CBA0 /* Build configuration list for PBXNativeTarget "TestPracticeUITests" */ = {
			isa = XCConfigurationList;
			buildConfigurations = (
				96748B4A258A2D2A0004CBA0 /* Debug */,
				96748B4B258A2D2A0004CBA0 /* Release */,
			);
			defaultConfigurationIsVisible = 0;
			defaultConfigurationName = Release;
		};
/* End XCConfigurationList section */
	};
	rootObject = 96748B11258A2D280004CBA0 /* Project object */;
}
