// !$*UTF8*$!
{
	archiveVersion = 1;
	classes = {
	};
	objectVersion = 50;
	objects = {

/* Begin PBXBuildFile section */
		96F9145325AECCD4004247F5 /* AppDelegate.swift in Sources */ = {isa = PBXBuildFile; fileRef = 96F9145225AECCD4004247F5 /* AppDelegate.swift */; };
		96F9145525AECCD4004247F5 /* SceneDelegate.swift in Sources */ = {isa = PBXBuildFile; fileRef = 96F9145425AECCD4004247F5 /* SceneDelegate.swift */; };
		96F9145725AECCD4004247F5 /* ViewController.swift in Sources */ = {isa = PBXBuildFile; fileRef = 96F9145625AECCD4004247F5 /* ViewController.swift */; };
		96F9145A25AECCD4004247F5 /* Main.storyboard in Resources */ = {isa = PBXBuildFile; fileRef = 96F9145825AECCD4004247F5 /* Main.storyboard */; };
		96F9145C25AECCD6004247F5 /* Assets.xcassets in Resources */ = {isa = PBXBuildFile; fileRef = 96F9145B25AECCD6004247F5 /* Assets.xcassets */; };
		96F9145F25AECCD6004247F5 /* LaunchScreen.storyboard in Resources */ = {isa = PBXBuildFile; fileRef = 96F9145D25AECCD6004247F5 /* LaunchScreen.storyboard */; };
		96F9146A25AECCD7004247F5 /* progressBarTests.swift in Sources */ = {isa = PBXBuildFile; fileRef = 96F9146925AECCD7004247F5 /* progressBarTests.swift */; };
		96F9147525AECCD7004247F5 /* progressBarUITests.swift in Sources */ = {isa = PBXBuildFile; fileRef = 96F9147425AECCD7004247F5 /* progressBarUITests.swift */; };
/* End PBXBuildFile section */

/* Begin PBXContainerItemProxy section */
		96F9146625AECCD7004247F5 /* PBXContainerItemProxy */ = {
			isa = PBXContainerItemProxy;
			containerPortal = 96F9144725AECCD4004247F5 /* Project object */;
			proxyType = 1;
			remoteGlobalIDString = 96F9144E25AECCD4004247F5;
			remoteInfo = progressBar;
		};
		96F9147125AECCD7004247F5 /* PBXContainerItemProxy */ = {
			isa = PBXContainerItemProxy;
			containerPortal = 96F9144725AECCD4004247F5 /* Project object */;
			proxyType = 1;
			remoteGlobalIDString = 96F9144E25AECCD4004247F5;
			remoteInfo = progressBar;
		};
/* End PBXContainerItemProxy section */

/* Begin PBXFileReference section */
		96F9144F25AECCD4004247F5 /* progressBar.app */ = {isa = PBXFileReference; explicitFileType = wrapper.application; includeInIndex = 0; path = progressBar.app; sourceTree = BUILT_PRODUCTS_DIR; };
		96F9145225AECCD4004247F5 /* AppDelegate.swift */ = {isa = PBXFileReference; lastKnownFileType = sourcecode.swift; path = AppDelegate.swift; sourceTree = "<group>"; };
		96F9145425AECCD4004247F5 /* SceneDelegate.swift */ = {isa = PBXFileReference; lastKnownFileType = sourcecode.swift; path = SceneDelegate.swift; sourceTree = "<group>"; };
		96F9145625AECCD4004247F5 /* ViewController.swift */ = {isa = PBXFileReference; lastKnownFileType = sourcecode.swift; path = ViewController.swift; sourceTree = "<group>"; };
		96F9145925AECCD4004247F5 /* Base */ = {isa = PBXFileReference; lastKnownFileType = file.storyboard; name = Base; path = Base.lproj/Main.storyboard; sourceTree = "<group>"; };
		96F9145B25AECCD6004247F5 /* Assets.xcassets */ = {isa = PBXFileReference; lastKnownFileType = folder.assetcatalog; path = Assets.xcassets; sourceTree = "<group>"; };
		96F9145E25AECCD6004247F5 /* Base */ = {isa = PBXFileReference; lastKnownFileType = file.storyboard; name = Base; path = Base.lproj/LaunchScreen.storyboard; sourceTree = "<group>"; };
		96F9146025AECCD6004247F5 /* Info.plist */ = {isa = PBXFileReference; lastKnownFileType = text.plist.xml; path = Info.plist; sourceTree = "<group>"; };
		96F9146525AECCD7004247F5 /* progressBarTests.xctest */ = {isa = PBXFileReference; explicitFileType = wrapper.cfbundle; includeInIndex = 0; path = progressBarTests.xctest; sourceTree = BUILT_PRODUCTS_DIR; };
		96F9146925AECCD7004247F5 /* progressBarTests.swift */ = {isa = PBXFileReference; lastKnownFileType = sourcecode.swift; path = progressBarTests.swift; sourceTree = "<group>"; };
		96F9146B25AECCD7004247F5 /* Info.plist */ = {isa = PBXFileReference; lastKnownFileType = text.plist.xml; path = Info.plist; sourceTree = "<group>"; };
		96F9147025AECCD7004247F5 /* progressBarUITests.xctest */ = {isa = PBXFileReference; explicitFileType = wrapper.cfbundle; includeInIndex = 0; path = progressBarUITests.xctest; sourceTree = BUILT_PRODUCTS_DIR; };
		96F9147425AECCD7004247F5 /* progressBarUITests.swift */ = {isa = PBXFileReference; lastKnownFileType = sourcecode.swift; path = progressBarUITests.swift; sourceTree = "<group>"; };
		96F9147625AECCD7004247F5 /* Info.plist */ = {isa = PBXFileReference; lastKnownFileType = text.plist.xml; path = Info.plist; sourceTree = "<group>"; };
/* End PBXFileReference section */

/* Begin PBXFrameworksBuildPhase section */
		96F9144C25AECCD4004247F5 /* Frameworks */ = {
			isa = PBXFrameworksBuildPhase;
			buildActionMask = 2147483647;
			files = (
			);
			runOnlyForDeploymentPostprocessing = 0;
		};
		96F9146225AECCD7004247F5 /* Frameworks */ = {
			isa = PBXFrameworksBuildPhase;
			buildActionMask = 2147483647;
			files = (
			);
			runOnlyForDeploymentPostprocessing = 0;
		};
		96F9146D25AECCD7004247F5 /* Frameworks */ = {
			isa = PBXFrameworksBuildPhase;
			buildActionMask = 2147483647;
			files = (
			);
			runOnlyForDeploymentPostprocessing = 0;
		};
/* End PBXFrameworksBuildPhase section */

/* Begin PBXGroup section */
		96F9144625AECCD4004247F5 = {
			isa = PBXGroup;
			children = (
				96F9145125AECCD4004247F5 /* progressBar */,
				96F9146825AECCD7004247F5 /* progressBarTests */,
				96F9147325AECCD7004247F5 /* progressBarUITests */,
				96F9145025AECCD4004247F5 /* Products */,
			);
			sourceTree = "<group>";
		};
		96F9145025AECCD4004247F5 /* Products */ = {
			isa = PBXGroup;
			children = (
				96F9144F25AECCD4004247F5 /* progressBar.app */,
				96F9146525AECCD7004247F5 /* progressBarTests.xctest */,
				96F9147025AECCD7004247F5 /* progressBarUITests.xctest */,
			);
			name = Products;
			sourceTree = "<group>";
		};
		96F9145125AECCD4004247F5 /* progressBar */ = {
			isa = PBXGroup;
			children = (
				96F9145225AECCD4004247F5 /* AppDelegate.swift */,
				96F9145425AECCD4004247F5 /* SceneDelegate.swift */,
				96F9145625AECCD4004247F5 /* ViewController.swift */,
				96F9145825AECCD4004247F5 /* Main.storyboard */,
				96F9145B25AECCD6004247F5 /* Assets.xcassets */,
				96F9145D25AECCD6004247F5 /* LaunchScreen.storyboard */,
				96F9146025AECCD6004247F5 /* Info.plist */,
			);
			path = progressBar;
			sourceTree = "<group>";
		};
		96F9146825AECCD7004247F5 /* progressBarTests */ = {
			isa = PBXGroup;
			children = (
				96F9146925AECCD7004247F5 /* progressBarTests.swift */,
				96F9146B25AECCD7004247F5 /* Info.plist */,
			);
			path = progressBarTests;
			sourceTree = "<group>";
		};
		96F9147325AECCD7004247F5 /* progressBarUITests */ = {
			isa = PBXGroup;
			children = (
				96F9147425AECCD7004247F5 /* progressBarUITests.swift */,
				96F9147625AECCD7004247F5 /* Info.plist */,
			);
			path = progressBarUITests;
			sourceTree = "<group>";
		};
/* End PBXGroup section */

/* Begin PBXNativeTarget section */
		96F9144E25AECCD4004247F5 /* progressBar */ = {
			isa = PBXNativeTarget;
			buildConfigurationList = 96F9147925AECCD7004247F5 /* Build configuration list for PBXNativeTarget "progressBar" */;
			buildPhases = (
				96F9144B25AECCD4004247F5 /* Sources */,
				96F9144C25AECCD4004247F5 /* Frameworks */,
				96F9144D25AECCD4004247F5 /* Resources */,
			);
			buildRules = (
			);
			dependencies = (
			);
			name = progressBar;
			productName = progressBar;
			productReference = 96F9144F25AECCD4004247F5 /* progressBar.app */;
			productType = "com.apple.product-type.application";
		};
		96F9146425AECCD7004247F5 /* progressBarTests */ = {
			isa = PBXNativeTarget;
			buildConfigurationList = 96F9147C25AECCD7004247F5 /* Build configuration list for PBXNativeTarget "progressBarTests" */;
			buildPhases = (
				96F9146125AECCD7004247F5 /* Sources */,
				96F9146225AECCD7004247F5 /* Frameworks */,
				96F9146325AECCD7004247F5 /* Resources */,
			);
			buildRules = (
			);
			dependencies = (
				96F9146725AECCD7004247F5 /* PBXTargetDependency */,
			);
			name = progressBarTests;
			productName = progressBarTests;
			productReference = 96F9146525AECCD7004247F5 /* progressBarTests.xctest */;
			productType = "com.apple.product-type.bundle.unit-test";
		};
		96F9146F25AECCD7004247F5 /* progressBarUITests */ = {
			isa = PBXNativeTarget;
			buildConfigurationList = 96F9147F25AECCD7004247F5 /* Build configuration list for PBXNativeTarget "progressBarUITests" */;
			buildPhases = (
				96F9146C25AECCD7004247F5 /* Sources */,
				96F9146D25AECCD7004247F5 /* Frameworks */,
				96F9146E25AECCD7004247F5 /* Resources */,
			);
			buildRules = (
			);
			dependencies = (
				96F9147225AECCD7004247F5 /* PBXTargetDependency */,
			);
			name = progressBarUITests;
			productName = progressBarUITests;
			productReference = 96F9147025AECCD7004247F5 /* progressBarUITests.xctest */;
			productType = "com.apple.product-type.bundle.ui-testing";
		};
/* End PBXNativeTarget section */

/* Begin PBXProject section */
		96F9144725AECCD4004247F5 /* Project object */ = {
			isa = PBXProject;
			attributes = {
				LastSwiftUpdateCheck = 1230;
				LastUpgradeCheck = 1230;
				TargetAttributes = {
					96F9144E25AECCD4004247F5 = {
						CreatedOnToolsVersion = 12.3;
					};
					96F9146425AECCD7004247F5 = {
						CreatedOnToolsVersion = 12.3;
						TestTargetID = 96F9144E25AECCD4004247F5;
					};
					96F9146F25AECCD7004247F5 = {
						CreatedOnToolsVersion = 12.3;
						TestTargetID = 96F9144E25AECCD4004247F5;
					};
				};
			};
			buildConfigurationList = 96F9144A25AECCD4004247F5 /* Build configuration list for PBXProject "progressBar" */;
			compatibilityVersion = "Xcode 9.3";
			developmentRegion = en;
			hasScannedForEncodings = 0;
			knownRegions = (
				en,
				Base,
			);
			mainGroup = 96F9144625AECCD4004247F5;
			productRefGroup = 96F9145025AECCD4004247F5 /* Products */;
			projectDirPath = "";
			projectRoot = "";
			targets = (
				96F9144E25AECCD4004247F5 /* progressBar */,
				96F9146425AECCD7004247F5 /* progressBarTests */,
				96F9146F25AECCD7004247F5 /* progressBarUITests */,
			);
		};
/* End PBXProject section */

/* Begin PBXResourcesBuildPhase section */
		96F9144D25AECCD4004247F5 /* Resources */ = {
			isa = PBXResourcesBuildPhase;
			buildActionMask = 2147483647;
			files = (
				96F9145F25AECCD6004247F5 /* LaunchScreen.storyboard in Resources */,
				96F9145C25AECCD6004247F5 /* Assets.xcassets in Resources */,
				96F9145A25AECCD4004247F5 /* Main.storyboard in Resources */,
			);
			runOnlyForDeploymentPostprocessing = 0;
		};
		96F9146325AECCD7004247F5 /* Resources */ = {
			isa = PBXResourcesBuildPhase;
			buildActionMask = 2147483647;
			files = (
			);
			runOnlyForDeploymentPostprocessing = 0;
		};
		96F9146E25AECCD7004247F5 /* Resources */ = {
			isa = PBXResourcesBuildPhase;
			buildActionMask = 2147483647;
			files = (
			);
			runOnlyForDeploymentPostprocessing = 0;
		};
/* End PBXResourcesBuildPhase section */

/* Begin PBXSourcesBuildPhase section */
		96F9144B25AECCD4004247F5 /* Sources */ = {
			isa = PBXSourcesBuildPhase;
			buildActionMask = 2147483647;
			files = (
				96F9145725AECCD4004247F5 /* ViewController.swift in Sources */,
				96F9145325AECCD4004247F5 /* AppDelegate.swift in Sources */,
				96F9145525AECCD4004247F5 /* SceneDelegate.swift in Sources */,
			);
			runOnlyForDeploymentPostprocessing = 0;
		};
		96F9146125AECCD7004247F5 /* Sources */ = {
			isa = PBXSourcesBuildPhase;
			buildActionMask = 2147483647;
			files = (
				96F9146A25AECCD7004247F5 /* progressBarTests.swift in Sources */,
			);
			runOnlyForDeploymentPostprocessing = 0;
		};
		96F9146C25AECCD7004247F5 /* Sources */ = {
			isa = PBXSourcesBuildPhase;
			buildActionMask = 2147483647;
			files = (
				96F9147525AECCD7004247F5 /* progressBarUITests.swift in Sources */,
			);
			runOnlyForDeploymentPostprocessing = 0;
		};
/* End PBXSourcesBuildPhase section */

/* Begin PBXTargetDependency section */
		96F9146725AECCD7004247F5 /* PBXTargetDependency */ = {
			isa = PBXTargetDependency;
			target = 96F9144E25AECCD4004247F5 /* progressBar */;
			targetProxy = 96F9146625AECCD7004247F5 /* PBXContainerItemProxy */;
		};
		96F9147225AECCD7004247F5 /* PBXTargetDependency */ = {
			isa = PBXTargetDependency;
			target = 96F9144E25AECCD4004247F5 /* progressBar */;
			targetProxy = 96F9147125AECCD7004247F5 /* PBXContainerItemProxy */;
		};
/* End PBXTargetDependency section */

/* Begin PBXVariantGroup section */
		96F9145825AECCD4004247F5 /* Main.storyboard */ = {
			isa = PBXVariantGroup;
			children = (
				96F9145925AECCD4004247F5 /* Base */,
			);
			name = Main.storyboard;
			sourceTree = "<group>";
		};
		96F9145D25AECCD6004247F5 /* LaunchScreen.storyboard */ = {
			isa = PBXVariantGroup;
			children = (
				96F9145E25AECCD6004247F5 /* Base */,
			);
			name = LaunchScreen.storyboard;
			sourceTree = "<group>";
		};
/* End PBXVariantGroup section */

/* Begin XCBuildConfiguration section */
		96F9147725AECCD7004247F5 /* Debug */ = {
			isa = XCBuildConfiguration;
			buildSettings = {
				ALWAYS_SEARCH_USER_PATHS = NO;
				CLANG_ANALYZER_NONNULL = YES;
				CLANG_ANALYZER_NUMBER_OBJECT_CONVERSION = YES_AGGRESSIVE;
				CLANG_CXX_LANGUAGE_STANDARD = "gnu++14";
				CLANG_CXX_LIBRARY = "libc++";
				CLANG_ENABLE_MODULES = YES;
				CLANG_ENABLE_OBJC_ARC = YES;
				CLANG_ENABLE_OBJC_WEAK = YES;
				CLANG_WARN_BLOCK_CAPTURE_AUTORELEASING = YES;
				CLANG_WARN_BOOL_CONVERSION = YES;
				CLANG_WARN_COMMA = YES;
				CLANG_WARN_CONSTANT_CONVERSION = YES;
				CLANG_WARN_DEPRECATED_OBJC_IMPLEMENTATIONS = YES;
				CLANG_WARN_DIRECT_OBJC_ISA_USAGE = YES_ERROR;
				CLANG_WARN_DOCUMENTATION_COMMENTS = YES;
				CLANG_WARN_EMPTY_BODY = YES;
				CLANG_WARN_ENUM_CONVERSION = YES;
				CLANG_WARN_INFINITE_RECURSION = YES;
				CLANG_WARN_INT_CONVERSION = YES;
				CLANG_WARN_NON_LITERAL_NULL_CONVERSION = YES;
				CLANG_WARN_OBJC_IMPLICIT_RETAIN_SELF = YES;
				CLANG_WARN_OBJC_LITERAL_CONVERSION = YES;
				CLANG_WARN_OBJC_ROOT_CLASS = YES_ERROR;
				CLANG_WARN_QUOTED_INCLUDE_IN_FRAMEWORK_HEADER = YES;
				CLANG_WARN_RANGE_LOOP_ANALYSIS = YES;
				CLANG_WARN_STRICT_PROTOTYPES = YES;
				CLANG_WARN_SUSPICIOUS_MOVE = YES;
				CLANG_WARN_UNGUARDED_AVAILABILITY = YES_AGGRESSIVE;
				CLANG_WARN_UNREACHABLE_CODE = YES;
				CLANG_WARN__DUPLICATE_METHOD_MATCH = YES;
				COPY_PHASE_STRIP = NO;
				DEBUG_INFORMATION_FORMAT = dwarf;
				ENABLE_STRICT_OBJC_MSGSEND = YES;
				ENABLE_TESTABILITY = YES;
				GCC_C_LANGUAGE_STANDARD = gnu11;
				GCC_DYNAMIC_NO_PIC = NO;
				GCC_NO_COMMON_BLOCKS = YES;
				GCC_OPTIMIZATION_LEVEL = 0;
				GCC_PREPROCESSOR_DEFINITIONS = (
					"DEBUG=1",
					"$(inherited)",
				);
				GCC_WARN_64_TO_32_BIT_CONVERSION = YES;
				GCC_WARN_ABOUT_RETURN_TYPE = YES_ERROR;
				GCC_WARN_UNDECLARED_SELECTOR = YES;
				GCC_WARN_UNINITIALIZED_AUTOS = YES_AGGRESSIVE;
				GCC_WARN_UNUSED_FUNCTION = YES;
				GCC_WARN_UNUSED_VARIABLE = YES;
				IPHONEOS_DEPLOYMENT_TARGET = 14.3;
				MTL_ENABLE_DEBUG_INFO = INCLUDE_SOURCE;
				MTL_FAST_MATH = YES;
				ONLY_ACTIVE_ARCH = YES;
				SDKROOT = iphoneos;
				SWIFT_ACTIVE_COMPILATION_CONDITIONS = DEBUG;
				SWIFT_OPTIMIZATION_LEVEL = "-Onone";
			};
			name = Debug;
		};
		96F9147825AECCD7004247F5 /* Release */ = {
			isa = XCBuildConfiguration;
			buildSettings = {
				ALWAYS_SEARCH_USER_PATHS = NO;
				CLANG_ANALYZER_NONNULL = YES;
				CLANG_ANALYZER_NUMBER_OBJECT_CONVERSION = YES_AGGRESSIVE;
				CLANG_CXX_LANGUAGE_STANDARD = "gnu++14";
				CLANG_CXX_LIBRARY = "libc++";
				CLANG_ENABLE_MODULES = YES;
				CLANG_ENABLE_OBJC_ARC = YES;
				CLANG_ENABLE_OBJC_WEAK = YES;
				CLANG_WARN_BLOCK_CAPTURE_AUTORELEASING = YES;
				CLANG_WARN_BOOL_CONVERSION = YES;
				CLANG_WARN_COMMA = YES;
				CLANG_WARN_CONSTANT_CONVERSION = YES;
				CLANG_WARN_DEPRECATED_OBJC_IMPLEMENTATIONS = YES;
				CLANG_WARN_DIRECT_OBJC_ISA_USAGE = YES_ERROR;
				CLANG_WARN_DOCUMENTATION_COMMENTS = YES;
				CLANG_WARN_EMPTY_BODY = YES;
				CLANG_WARN_ENUM_CONVERSION = YES;
				CLANG_WARN_INFINITE_RECURSION = YES;
				CLANG_WARN_INT_CONVERSION = YES;
				CLANG_WARN_NON_LITERAL_NULL_CONVERSION = YES;
				CLANG_WARN_OBJC_IMPLICIT_RETAIN_SELF = YES;
				CLANG_WARN_OBJC_LITERAL_CONVERSION = YES;
				CLANG_WARN_OBJC_ROOT_CLASS = YES_ERROR;
				CLANG_WARN_QUOTED_INCLUDE_IN_FRAMEWORK_HEADER = YES;
				CLANG_WARN_RANGE_LOOP_ANALYSIS = YES;
				CLANG_WARN_STRICT_PROTOTYPES = YES;
				CLANG_WARN_SUSPICIOUS_MOVE = YES;
				CLANG_WARN_UNGUARDED_AVAILABILITY = YES_AGGRESSIVE;
				CLANG_WARN_UNREACHABLE_CODE = YES;
				CLANG_WARN__DUPLICATE_METHOD_MATCH = YES;
				COPY_PHASE_STRIP = NO;
				DEBUG_INFORMATION_FORMAT = "dwarf-with-dsym";
				ENABLE_NS_ASSERTIONS = NO;
				ENABLE_STRICT_OBJC_MSGSEND = YES;
				GCC_C_LANGUAGE_STANDARD = gnu11;
				GCC_NO_COMMON_BLOCKS = YES;
				GCC_WARN_64_TO_32_BIT_CONVERSION = YES;
				GCC_WARN_ABOUT_RETURN_TYPE = YES_ERROR;
				GCC_WARN_UNDECLARED_SELECTOR = YES;
				GCC_WARN_UNINITIALIZED_AUTOS = YES_AGGRESSIVE;
				GCC_WARN_UNUSED_FUNCTION = YES;
				GCC_WARN_UNUSED_VARIABLE = YES;
				IPHONEOS_DEPLOYMENT_TARGET = 14.3;
				MTL_ENABLE_DEBUG_INFO = NO;
				MTL_FAST_MATH = YES;
				SDKROOT = iphoneos;
				SWIFT_COMPILATION_MODE = wholemodule;
				SWIFT_OPTIMIZATION_LEVEL = "-O";
				VALIDATE_PRODUCT = YES;
			};
			name = Release;
		};
		96F9147A25AECCD7004247F5 /* Debug */ = {
			isa = XCBuildConfiguration;
			buildSettings = {
				ASSETCATALOG_COMPILER_APPICON_NAME = AppIcon;
				ASSETCATALOG_COMPILER_GLOBAL_ACCENT_COLOR_NAME = AccentColor;
				CODE_SIGN_STYLE = Automatic;
				DEVELOPMENT_TEAM = 3CY8UX9N2S;
				INFOPLIST_FILE = progressBar/Info.plist;
				LD_RUNPATH_SEARCH_PATHS = (
					"$(inherited)",
					"@executable_path/Frameworks",
				);
				PRODUCT_BUNDLE_IDENTIFIER = yeahsilver.progressBar;
				PRODUCT_NAME = "$(TARGET_NAME)";
				SWIFT_VERSION = 5.0;
				TARGETED_DEVICE_FAMILY = "1,2";
			};
			name = Debug;
		};
		96F9147B25AECCD7004247F5 /* Release */ = {
			isa = XCBuildConfiguration;
			buildSettings = {
				ASSETCATALOG_COMPILER_APPICON_NAME = AppIcon;
				ASSETCATALOG_COMPILER_GLOBAL_ACCENT_COLOR_NAME = AccentColor;
				CODE_SIGN_STYLE = Automatic;
				DEVELOPMENT_TEAM = 3CY8UX9N2S;
				INFOPLIST_FILE = progressBar/Info.plist;
				LD_RUNPATH_SEARCH_PATHS = (
					"$(inherited)",
					"@executable_path/Frameworks",
				);
				PRODUCT_BUNDLE_IDENTIFIER = yeahsilver.progressBar;
				PRODUCT_NAME = "$(TARGET_NAME)";
				SWIFT_VERSION = 5.0;
				TARGETED_DEVICE_FAMILY = "1,2";
			};
			name = Release;
		};
		96F9147D25AECCD7004247F5 /* Debug */ = {
			isa = XCBuildConfiguration;
			buildSettings = {
				ALWAYS_EMBED_SWIFT_STANDARD_LIBRARIES = YES;
				BUNDLE_LOADER = "$(TEST_HOST)";
				CODE_SIGN_STYLE = Automatic;
				DEVELOPMENT_TEAM = 3CY8UX9N2S;
				INFOPLIST_FILE = progressBarTests/Info.plist;
				IPHONEOS_DEPLOYMENT_TARGET = 14.3;
				LD_RUNPATH_SEARCH_PATHS = (
					"$(inherited)",
					"@executable_path/Frameworks",
					"@loader_path/Frameworks",
				);
				PRODUCT_BUNDLE_IDENTIFIER = yeahsilver.progressBarTests;
				PRODUCT_NAME = "$(TARGET_NAME)";
				SWIFT_VERSION = 5.0;
				TARGETED_DEVICE_FAMILY = "1,2";
				TEST_HOST = "$(BUILT_PRODUCTS_DIR)/progressBar.app/progressBar";
			};
			name = Debug;
		};
		96F9147E25AECCD7004247F5 /* Release */ = {
			isa = XCBuildConfiguration;
			buildSettings = {
				ALWAYS_EMBED_SWIFT_STANDARD_LIBRARIES = YES;
				BUNDLE_LOADER = "$(TEST_HOST)";
				CODE_SIGN_STYLE = Automatic;
				DEVELOPMENT_TEAM = 3CY8UX9N2S;
				INFOPLIST_FILE = progressBarTests/Info.plist;
				IPHONEOS_DEPLOYMENT_TARGET = 14.3;
				LD_RUNPATH_SEARCH_PATHS = (
					"$(inherited)",
					"@executable_path/Frameworks",
					"@loader_path/Frameworks",
				);
				PRODUCT_BUNDLE_IDENTIFIER = yeahsilver.progressBarTests;
				PRODUCT_NAME = "$(TARGET_NAME)";
				SWIFT_VERSION = 5.0;
				TARGETED_DEVICE_FAMILY = "1,2";
				TEST_HOST = "$(BUILT_PRODUCTS_DIR)/progressBar.app/progressBar";
			};
			name = Release;
		};
		96F9148025AECCD7004247F5 /* Debug */ = {
			isa = XCBuildConfiguration;
			buildSettings = {
				ALWAYS_EMBED_SWIFT_STANDARD_LIBRARIES = YES;
				CODE_SIGN_STYLE = Automatic;
				DEVELOPMENT_TEAM = 3CY8UX9N2S;
				INFOPLIST_FILE = progressBarUITests/Info.plist;
				LD_RUNPATH_SEARCH_PATHS = (
					"$(inherited)",
					"@executable_path/Frameworks",
					"@loader_path/Frameworks",
				);
				PRODUCT_BUNDLE_IDENTIFIER = yeahsilver.progressBarUITests;
				PRODUCT_NAME = "$(TARGET_NAME)";
				SWIFT_VERSION = 5.0;
				TARGETED_DEVICE_FAMILY = "1,2";
				TEST_TARGET_NAME = progressBar;
			};
			name = Debug;
		};
		96F9148125AECCD7004247F5 /* Release */ = {
			isa = XCBuildConfiguration;
			buildSettings = {
				ALWAYS_EMBED_SWIFT_STANDARD_LIBRARIES = YES;
				CODE_SIGN_STYLE = Automatic;
				DEVELOPMENT_TEAM = 3CY8UX9N2S;
				INFOPLIST_FILE = progressBarUITests/Info.plist;
				LD_RUNPATH_SEARCH_PATHS = (
					"$(inherited)",
					"@executable_path/Frameworks",
					"@loader_path/Frameworks",
				);
				PRODUCT_BUNDLE_IDENTIFIER = yeahsilver.progressBarUITests;
				PRODUCT_NAME = "$(TARGET_NAME)";
				SWIFT_VERSION = 5.0;
				TARGETED_DEVICE_FAMILY = "1,2";
				TEST_TARGET_NAME = progressBar;
			};
			name = Release;
		};
/* End XCBuildConfiguration section */

/* Begin XCConfigurationList section */
		96F9144A25AECCD4004247F5 /* Build configuration list for PBXProject "progressBar" */ = {
			isa = XCConfigurationList;
			buildConfigurations = (
				96F9147725AECCD7004247F5 /* Debug */,
				96F9147825AECCD7004247F5 /* Release */,
			);
			defaultConfigurationIsVisible = 0;
			defaultConfigurationName = Release;
		};
		96F9147925AECCD7004247F5 /* Build configuration list for PBXNativeTarget "progressBar" */ = {
			isa = XCConfigurationList;
			buildConfigurations = (
				96F9147A25AECCD7004247F5 /* Debug */,
				96F9147B25AECCD7004247F5 /* Release */,
			);
			defaultConfigurationIsVisible = 0;
			defaultConfigurationName = Release;
		};
		96F9147C25AECCD7004247F5 /* Build configuration list for PBXNativeTarget "progressBarTests" */ = {
			isa = XCConfigurationList;
			buildConfigurations = (
				96F9147D25AECCD7004247F5 /* Debug */,
				96F9147E25AECCD7004247F5 /* Release */,
			);
			defaultConfigurationIsVisible = 0;
			defaultConfigurationName = Release;
		};
		96F9147F25AECCD7004247F5 /* Build configuration list for PBXNativeTarget "progressBarUITests" */ = {
			isa = XCConfigurationList;
			buildConfigurations = (
				96F9148025AECCD7004247F5 /* Debug */,
				96F9148125AECCD7004247F5 /* Release */,
			);
			defaultConfigurationIsVisible = 0;
			defaultConfigurationName = Release;
		};
/* End XCConfigurationList section */
	};
	rootObject = 96F9144725AECCD4004247F5 /* Project object */;
}
